
Microsoft Visual Studio Solution File, Format Version 12.00
# Visual Studio Version 17
VisualStudioVersion = 17.11.35312.102
MinimumVisualStudioVersion = 10.0.40219.1
Project("{2150E333-8FDC-42A3-9474-1A3956D46DE8}") = "src", "src", "{C130DC2B-3B0F-4201-9E36-F6949D53A32B}"
EndProject
Project("{FAE04EC0-301F-11D3-BF4B-00C04F79EFBC}") = "Inventory.Domain", "Inventory.Domain\Inventory.Domain.csproj", "{F272162C-ED78-4565-8B19-382AFDFE35C4}"
EndProject
Project("{FAE04EC0-301F-11D3-BF4B-00C04F79EFBC}") = "Inventory.Application", "Inventory.Application\Inventory.Application.csproj", "{5DFD475D-E86F-4E1F-BC4E-F9CB4503061F}"
EndProject
Project("{FAE04EC0-301F-11D3-BF4B-00C04F79EFBC}") = "Inventory.Infrastructure", "Inventory.Infrastructure\Inventory.Infrastructure.csproj", "{B752A3A6-3902-43E9-A90A-FAB17C901E41}"
EndProject
Project("{FAE04EC0-301F-11D3-BF4B-00C04F79EFBC}") = "Inventory.Api", "Inventory.Api\Inventory.Api.csproj", "{FFFB63D1-2BBD-42BA-B822-FB36C477F173}"
EndProject
Global
	GlobalSection(SolutionConfigurationPlatforms) = preSolution
		Debug|Any CPU = Debug|Any CPU
		Release|Any CPU = Release|Any CPU
	EndGlobalSection
	GlobalSection(ProjectConfigurationPlatforms) = postSolution
		{F272162C-ED78-4565-8B19-382AFDFE35C4}.Debug|Any CPU.ActiveCfg = Debug|Any CPU
		{F272162C-ED78-4565-8B19-382AFDFE35C4}.Debug|Any CPU.Build.0 = Debug|Any CPU
		{F272162C-ED78-4565-8B19-382AFDFE35C4}.Release|Any CPU.ActiveCfg = Release|Any CPU
		{F272162C-ED78-4565-8B19-382AFDFE35C4}.Release|Any CPU.Build.0 = Release|Any CPU
		{5DFD475D-E86F-4E1F-BC4E-F9CB4503061F}.Debug|Any CPU.ActiveCfg = Debug|Any CPU
		{5DFD475D-E86F-4E1F-BC4E-F9CB4503061F}.Debug|Any CPU.Build.0 = Debug|Any CPU
		{5DFD475D-E86F-4E1F-BC4E-F9CB4503061F}.Release|Any CPU.ActiveCfg = Release|Any CPU
		{5DFD475D-E86F-4E1F-BC4E-F9CB4503061F}.Release|Any CPU.Build.0 = Release|Any CPU
		{B752A3A6-3902-43E9-A90A-FAB17C901E41}.Debug|Any CPU.ActiveCfg = Debug|Any CPU
		{B752A3A6-3902-43E9-A90A-FAB17C901E41}.Debug|Any CPU.Build.0 = Debug|Any CPU
		{B752A3A6-3902-43E9-A90A-FAB17C901E41}.Release|Any CPU.ActiveCfg = Release|Any CPU
		{B752A3A6-3902-43E9-A90A-FAB17C901E41}.Release|Any CPU.Build.0 = Release|Any CPU
		{FFFB63D1-2BBD-42BA-B822-FB36C477F173}.Debug|Any CPU.ActiveCfg = Debug|Any CPU
		{FFFB63D1-2BBD-42BA-B822-FB36C477F173}.Debug|Any CPU.Build.0 = Debug|Any CPU
		{FFFB63D1-2BBD-42BA-B822-FB36C477F173}.Release|Any CPU.ActiveCfg = Release|Any CPU
		{FFFB63D1-2BBD-42BA-B822-FB36C477F173}.Release|Any CPU.Build.0 = Release|Any CPU
	EndGlobalSection
	GlobalSection(SolutionProperties) = preSolution
		HideSolutionNode = FALSE
	EndGlobalSection
	GlobalSection(NestedProjects) = preSolution
		{F272162C-ED78-4565-8B19-382AFDFE35C4} = {C130DC2B-3B0F-4201-9E36-F6949D53A32B}
		{5DFD475D-E86F-4E1F-BC4E-F9CB4503061F} = {C130DC2B-3B0F-4201-9E36-F6949D53A32B}
		{B752A3A6-3902-43E9-A90A-FAB17C901E41} = {C130DC2B-3B0F-4201-9E36-F6949D53A32B}
		{FFFB63D1-2BBD-42BA-B822-FB36C477F173} = {C130DC2B-3B0F-4201-9E36-F6949D53A32B}
	EndGlobalSection
	GlobalSection(ExtensibilityGlobals) = postSolution
		SolutionGuid = {59F62B45-094A-4C5C-BC70-0BF9BAAC439F}
	EndGlobalSection
EndGlobal
